// !$*UTF8*$!
{
	archiveVersion = 1;
	classes = {
	};
	objectVersion = 77;
	objects = {

/* Begin PBXContainerItemProxy section */
		5CF0A3D92F58C3CA0078361B /* PBXContainerItemProxy */ = {
			isa = PBXContainerItemProxy;
			containerPortal = 5CF0A3C32F58C3C80078361B /* Project object */;
			proxyType = 1;
			remoteGlobalIDString = 5CF0A3CA2F58C3C80078361B;
			remoteInfo = RealTimePriceTracker;
		};
		5CF0A3E32F58C3CA0078361B /* PBXContainerItemProxy */ = {
			isa = PBXContainerItemProxy;
			containerPortal = 5CF0A3C32F58C3C80078361B /* Project object */;
			proxyType = 1;
			remoteGlobalIDString = 5CF0A3CA2F58C3C80078361B;
			remoteInfo = RealTimePriceTracker;
		};
/* End PBXContainerItemProxy section */

/* Begin PBXFileReference section */
		5CF0A3CB2F58C3C80078361B /* RealTimePriceTracker.app */ = {isa = PBXFileReference; explicitFileType = wrapper.application; includeInIndex = 0; path = RealTimePriceTracker.app; sourceTree = BUILT_PRODUCTS_DIR; };
		5CF0A3D82F58C3CA0078361B /* RealTimePriceTrackerTests.xctest */ = {isa = PBXFileReference; explicitFileType = wrapper.cfbundle; includeInIndex = 0; path = RealTimePriceTrackerTests.xctest; sourceTree = BUILT_PRODUCTS_DIR; };
		5CF0A3E22F58C3CA0078361B /* RealTimePriceTrackerUITests.xctest */ = {isa = PBXFileReference; explicitFileType = wrapper.cfbundle; includeInIndex = 0; path = RealTimePriceTrackerUITests.xctest; sourceTree = BUILT_PRODUCTS_DIR; };
/* End PBXFileReference section */

/* Begin PBXFileSystemSynchronizedRootGroup section */
		5CF0A3CD2F58C3C80078361B /* RealTimePriceTracker */ = {
			isa = PBXFileSystemSynchronizedRootGroup;
			path = RealTimePriceTracker;
			sourceTree = "<group>";
		};
		5CF0A3DB2F58C3CA0078361B /* RealTimePriceTrackerTests */ = {
			isa = PBXFileSystemSynchronizedRootGroup;
			path = RealTimePriceTrackerTests;
			sourceTree = "<group>";
		};
		5CF0A3E52F58C3CA0078361B /* RealTimePriceTrackerUITests */ = {
			isa = PBXFileSystemSynchronizedRootGroup;
			path = RealTimePriceTrackerUITests;
			sourceTree = "<group>";
		};
/* End PBXFileSystemSynchronizedRootGroup section */

/* Begin PBXFrameworksBuildPhase section */
		5CF0A3C82F58C3C80078361B /* Frameworks */ = {
			isa = PBXFrameworksBuildPhase;
			buildActionMask = 2147483647;
			files = (
			);
			runOnlyForDeploymentPostprocessing = 0;
		};
		5CF0A3D52F58C3CA0078361B /* Frameworks */ = {
			isa = PBXFrameworksBuildPhase;
			buildActionMask = 2147483647;
			files = (
			);
			runOnlyForDeploymentPostprocessing = 0;
		};
		5CF0A3DF2F58C3CA0078361B /* Frameworks */ = {
			isa = PBXFrameworksBuildPhase;
			buildActionMask = 2147483647;
			files = (
			);
			runOnlyForDeploymentPostprocessing = 0;
		};
/* End PBXFrameworksBuildPhase section */

/* Begin PBXGroup section */
		5CF0A3C22F58C3C80078361B = {
			isa = PBXGroup;
			children = (
				5CF0A3CD2F58C3C80078361B /* RealTimePriceTracker */,
				5CF0A3DB2F58C3CA0078361B /* RealTimePriceTrackerTests */,
				5CF0A3E52F58C3CA0078361B /* RealTimePriceTrackerUITests */,
				5CF0A3CC2F58C3C80078361B /* Products */,
			);
			sourceTree = "<group>";
		};
		5CF0A3CC2F58C3C80078361B /* Products */ = {
			isa = PBXGroup;
			children = (
				5CF0A3CB2F58C3C80078361B /* RealTimePriceTracker.app */,
				5CF0A3D82F58C3CA0078361B /* RealTimePriceTrackerTests.xctest */,
				5CF0A3E22F58C3CA0078361B /* RealTimePriceTrackerUITests.xctest */,
			);
			name = Products;
			sourceTree = "<group>";
		};
/* End PBXGroup section */

/* Begin PBXNativeTarget section */
		5CF0A3CA2F58C3C80078361B /* RealTimePriceTracker */ = {
			isa = PBXNativeTarget;
			buildConfigurationList = 5CF0A3EC2F58C3CA0078361B /* Build configuration list for PBXNativeTarget "RealTimePriceTracker" */;
			buildPhases = (
				5CF0A3C72F58C3C80078361B /* Sources */,
				5CF0A3C82F58C3C80078361B /* Frameworks */,
				5CF0A3C92F58C3C80078361B /* Resources */,
			);
			buildRules = (
			);
			dependencies = (
			);
			fileSystemSynchronizedGroups = (
				5CF0A3CD2F58C3C80078361B /* RealTimePriceTracker */,
			);
			name = RealTimePriceTracker;
			packageProductDependencies = (
			);
			productName = RealTimePriceTracker;
			productReference = 5CF0A3CB2F58C3C80078361B /* RealTimePriceTracker.app */;
			productType = "com.apple.product-type.application";
		};
		5CF0A3D72F58C3CA0078361B /* RealTimePriceTrackerTests */ = {
			isa = PBXNativeTarget;
			buildConfigurationList = 5CF0A3EF2F58C3CA0078361B /* Build configuration list for PBXNativeTarget "RealTimePriceTrackerTests" */;
			buildPhases = (
				5CF0A3D42F58C3CA0078361B /* Sources */,
				5CF0A3D52F58C3CA0078361B /* Frameworks */,
				5CF0A3D62F58C3CA0078361B /* Resources */,
			);
			buildRules = (
			);
			dependencies = (
				5CF0A3DA2F58C3CA0078361B /* PBXTargetDependency */,
			);
			fileSystemSynchronizedGroups = (
				5CF0A3DB2F58C3CA0078361B /* RealTimePriceTrackerTests */,
			);
			name = RealTimePriceTrackerTests;
			packageProductDependencies = (
			);
			productName = RealTimePriceTrackerTests;
			productReference = 5CF0A3D82F58C3CA0078361B /* RealTimePriceTrackerTests.xctest */;
			productType = "com.apple.product-type.bundle.unit-test";
		};
		5CF0A3E12F58C3CA0078361B /* RealTimePriceTrackerUITests */ = {
			isa = PBXNativeTarget;
			buildConfigurationList = 5CF0A3F22F58C3CA0078361B /* Build configuration list for PBXNativeTarget "RealTimePriceTrackerUITests" */;
			buildPhases = (
				5CF0A3DE2F58C3CA0078361B /* Sources */,
				5CF0A3DF2F58C3CA0078361B /* Frameworks */,
				5CF0A3E02F58C3CA0078361B /* Resources */,
			);
			buildRules = (
			);
			dependencies = (
				5CF0A3E42F58C3CA0078361B /* PBXTargetDependency */,
			);
			fileSystemSynchronizedGroups = (
				5CF0A3E52F58C3CA0078361B /* RealTimePriceTrackerUITests */,
			);
			name = RealTimePriceTrackerUITests;
			packageProductDependencies = (
			);
			productName = RealTimePriceTrackerUITests;
			productReference = 5CF0A3E22F58C3CA0078361B /* RealTimePriceTrackerUITests.xctest */;
			productType = "com.apple.product-type.bundle.ui-testing";
		};
/* End PBXNativeTarget section */

/* Begin PBXProject section */
		5CF0A3C32F58C3C80078361B /* Project object */ = {
			isa = PBXProject;
			attributes = {
				BuildIndependentTargetsInParallel = 1;
				LastSwiftUpdateCheck = 2620;
				LastUpgradeCheck = 2620;
				TargetAttributes = {
					5CF0A3CA2F58C3C80078361B = {
						CreatedOnToolsVersion = 26.2;
					};
					5CF0A3D72F58C3CA0078361B = {
						CreatedOnToolsVersion = 26.2;
						TestTargetID = 5CF0A3CA2F58C3C80078361B;
					};
					5CF0A3E12F58C3CA0078361B = {
						CreatedOnToolsVersion = 26.2;
						TestTargetID = 5CF0A3CA2F58C3C80078361B;
					};
				};
			};
			buildConfigurationList = 5CF0A3C62F58C3C80078361B /* Build configuration list for PBXProject "RealTimePriceTracker" */;
			developmentRegion = en;
			hasScannedForEncodings = 0;
			knownRegions = (
				en,
				Base,
			);
			mainGroup = 5CF0A3C22F58C3C80078361B;
			minimizedProjectReferenceProxies = 1;
			preferredProjectObjectVersion = 77;
			productRefGroup = 5CF0A3CC2F58C3C80078361B /* Products */;
			projectDirPath = "";
			projectRoot = "";
			targets = (
				5CF0A3CA2F58C3C80078361B /* RealTimePriceTracker */,
				5CF0A3D72F58C3CA0078361B /* RealTimePriceTrackerTests */,
				5CF0A3E12F58C3CA0078361B /* RealTimePriceTrackerUITests */,
			);
		};
/* End PBXProject section */

/* Begin PBXResourcesBuildPhase section */
		5CF0A3C92F58C3C80078361B /* Resources */ = {
			isa = PBXResourcesBuildPhase;
			buildActionMask = 2147483647;
			files = (
			);
			runOnlyForDeploymentPostprocessing = 0;
		};
		5CF0A3D62F58C3CA0078361B /* Resources */ = {
			isa = PBXResourcesBuildPhase;
			buildActionMask = 2147483647;
			files = (
			);
			runOnlyForDeploymentPostprocessing = 0;
		};
		5CF0A3E02F58C3CA0078361B /* Resources */ = {
			isa = PBXResourcesBuildPhase;
			buildActionMask = 2147483647;
			files = (
			);
			runOnlyForDeploymentPostprocessing = 0;
		};
/* End PBXResourcesBuildPhase section */

/* Begin PBXSourcesBuildPhase section */
		5CF0A3C72F58C3C80078361B /* Sources */ = {
			isa = PBXSourcesBuildPhase;
			buildActionMask = 2147483647;
			files = (
			);
			runOnlyForDeploymentPostprocessing = 0;
		};
		5CF0A3D42F58C3CA0078361B /* Sources */ = {
			isa = PBXSourcesBuildPhase;
			buildActionMask = 2147483647;
			files = (
			);
			runOnlyForDeploymentPostprocessing = 0;
		};
		5CF0A3DE2F58C3CA0078361B /* Sources */ = {
			isa = PBXSourcesBuildPhase;
			buildActionMask = 2147483647;
			files = (
			);
			runOnlyForDeploymentPostprocessing = 0;
		};
/* End PBXSourcesBuildPhase section */

/* Begin PBXTargetDependency section */
		5CF0A3DA2F58C3CA0078361B /* PBXTargetDependency */ = {
			isa = PBXTargetDependency;
			target = 5CF0A3CA2F58C3C80078361B /* RealTimePriceTracker */;
			targetProxy = 5CF0A3D92F58C3CA0078361B /* PBXContainerItemProxy */;
		};
		5CF0A3E42F58C3CA0078361B /* PBXTargetDependency */ = {
			isa = PBXTargetDependency;
			target = 5CF0A3CA2F58C3C80078361B /* RealTimePriceTracker */;
			targetProxy = 5CF0A3E32F58C3CA0078361B /* PBXContainerItemProxy */;
		};
/* End PBXTargetDependency section */

/* Begin XCBuildConfiguration section */
		5CF0A3EA2F58C3CA0078361B /* Debug */ = {
			isa = XCBuildConfiguration;
			buildSettings = {
				ALWAYS_SEARCH_USER_PATHS = NO;
				ASSETCATALOG_COMPILER_GENERATE_SWIFT_ASSET_SYMBOL_EXTENSIONS = YES;
				CLANG_ANALYZER_NONNULL = YES;
				CLANG_ANALYZER_NUMBER_OBJECT_CONVERSION = YES_AGGRESSIVE;
				CLANG_CXX_LANGUAGE_STANDARD = "gnu++20";
				CLANG_ENABLE_MODULES = YES;
				CLANG_ENABLE_OBJC_ARC = YES;
				CLANG_ENABLE_OBJC_WEAK = YES;
				CLANG_WARN_BLOCK_CAPTURE_AUTORELEASING = YES;
				CLANG_WARN_BOOL_CONVERSION = YES;
				CLANG_WARN_COMMA = YES;
				CLANG_WARN_CONSTANT_CONVERSION = YES;
				CLANG_WARN_DEPRECATED_OBJC_IMPLEMENTATIONS = YES;
				CLANG_WARN_DIRECT_OBJC_ISA_USAGE = YES_ERROR;
				CLANG_WARN_DOCUMENTATION_COMMENTS = YES;
				CLANG_WARN_EMPTY_BODY = YES;
				CLANG_WARN_ENUM_CONVERSION = YES;
				CLANG_WARN_INFINITE_RECURSION = YES;
				CLANG_WARN_INT_CONVERSION = YES;
				CLANG_WARN_NON_LITERAL_NULL_CONVERSION = YES;
				CLANG_WARN_OBJC_IMPLICIT_RETAIN_SELF = YES;
				CLANG_WARN_OBJC_LITERAL_CONVERSION = YES;
				CLANG_WARN_OBJC_ROOT_CLASS = YES_ERROR;
				CLANG_WARN_QUOTED_INCLUDE_IN_FRAMEWORK_HEADER = YES;
				CLANG_WARN_RANGE_LOOP_ANALYSIS = YES;
				CLANG_WARN_STRICT_PROTOTYPES = YES;
				CLANG_WARN_SUSPICIOUS_MOVE = YES;
				CLANG_WARN_UNGUARDED_AVAILABILITY = YES_AGGRESSIVE;
				CLANG_WARN_UNREACHABLE_CODE = YES;
				CLANG_WARN__DUPLICATE_METHOD_MATCH = YES;
				COPY_PHASE_STRIP = NO;
				DEBUG_INFORMATION_FORMAT = dwarf;
				ENABLE_STRICT_OBJC_MSGSEND = YES;
				ENABLE_TESTABILITY = YES;
				ENABLE_USER_SCRIPT_SANDBOXING = YES;
				GCC_C_LANGUAGE_STANDARD = gnu17;
				GCC_DYNAMIC_NO_PIC = NO;
				GCC_NO_COMMON_BLOCKS = YES;
				GCC_OPTIMIZATION_LEVEL = 0;
				GCC_PREPROCESSOR_DEFINITIONS = (
					"DEBUG=1",
					"$(inherited)",
				);
				GCC_WARN_64_TO_32_BIT_CONVERSION = YES;
				GCC_WARN_ABOUT_RETURN_TYPE = YES_ERROR;
				GCC_WARN_UNDECLARED_SELECTOR = YES;
				GCC_WARN_UNINITIALIZED_AUTOS = YES_AGGRESSIVE;
				GCC_WARN_UNUSED_FUNCTION = YES;
				GCC_WARN_UNUSED_VARIABLE = YES;
				IPHONEOS_DEPLOYMENT_TARGET = 26.2;
				LOCALIZATION_PREFERS_STRING_CATALOGS = YES;
				MTL_ENABLE_DEBUG_INFO = INCLUDE_SOURCE;
				MTL_FAST_MATH = YES;
				ONLY_ACTIVE_ARCH = YES;
				SDKROOT = iphoneos;
				SWIFT_ACTIVE_COMPILATION_CONDITIONS = "DEBUG $(inherited)";
				SWIFT_OPTIMIZATION_LEVEL = "-Onone";
			};
			name = Debug;
		};
		5CF0A3EB2F58C3CA0078361B /* Release */ = {
			isa = XCBuildConfiguration;
			buildSettings = {
				ALWAYS_SEARCH_USER_PATHS = NO;
				ASSETCATALOG_COMPILER_GENERATE_SWIFT_ASSET_SYMBOL_EXTENSIONS = YES;
				CLANG_ANALYZER_NONNULL = YES;
				CLANG_ANALYZER_NUMBER_OBJECT_CONVERSION = YES_AGGRESSIVE;
				CLANG_CXX_LANGUAGE_STANDARD = "gnu++20";
				CLANG_ENABLE_MODULES = YES;
				CLANG_ENABLE_OBJC_ARC = YES;
				CLANG_ENABLE_OBJC_WEAK = YES;
				CLANG_WARN_BLOCK_CAPTURE_AUTORELEASING = YES;
				CLANG_WARN_BOOL_CONVERSION = YES;
				CLANG_WARN_COMMA = YES;
				CLANG_WARN_CONSTANT_CONVERSION = YES;
				CLANG_WARN_DEPRECATED_OBJC_IMPLEMENTATIONS = YES;
				CLANG_WARN_DIRECT_OBJC_ISA_USAGE = YES_ERROR;
				CLANG_WARN_DOCUMENTATION_COMMENTS = YES;
				CLANG_WARN_EMPTY_BODY = YES;
				CLANG_WARN_ENUM_CONVERSION = YES;
				CLANG_WARN_INFINITE_RECURSION = YES;
				CLANG_WARN_INT_CONVERSION = YES;
				CLANG_WARN_NON_LITERAL_NULL_CONVERSION = YES;
				CLANG_WARN_OBJC_IMPLICIT_RETAIN_SELF = YES;
				CLANG_WARN_OBJC_LITERAL_CONVERSION = YES;
				CLANG_WARN_OBJC_ROOT_CLASS = YES_ERROR;
				CLANG_WARN_QUOTED_INCLUDE_IN_FRAMEWORK_HEADER = YES;
				CLANG_WARN_RANGE_LOOP_ANALYSIS = YES;
				CLANG_WARN_STRICT_PROTOTYPES = YES;
				CLANG_WARN_SUSPICIOUS_MOVE = YES;
				CLANG_WARN_UNGUARDED_AVAILABILITY = YES_AGGRESSIVE;
				CLANG_WARN_UNREACHABLE_CODE = YES;
				CLANG_WARN__DUPLICATE_METHOD_MATCH = YES;
				COPY_PHASE_STRIP = NO;
				DEBUG_INFORMATION_FORMAT = "dwarf-with-dsym";
				ENABLE_NS_ASSERTIONS = NO;
				ENABLE_STRICT_OBJC_MSGSEND = YES;
				ENABLE_USER_SCRIPT_SANDBOXING = YES;
				GCC_C_LANGUAGE_STANDARD = gnu17;
				GCC_NO_COMMON_BLOCKS = YES;
				GCC_WARN_64_TO_32_BIT_CONVERSION = YES;
				GCC_WARN_ABOUT_RETURN_TYPE = YES_ERROR;
				GCC_WARN_UNDECLARED_SELECTOR = YES;
				GCC_WARN_UNINITIALIZED_AUTOS = YES_AGGRESSIVE;
				GCC_WARN_UNUSED_FUNCTION = YES;
				GCC_WARN_UNUSED_VARIABLE = YES;
				IPHONEOS_DEPLOYMENT_TARGET = 26.2;
				LOCALIZATION_PREFERS_STRING_CATALOGS = YES;
				MTL_ENABLE_DEBUG_INFO = NO;
				MTL_FAST_MATH = YES;
				SDKROOT = iphoneos;
				SWIFT_COMPILATION_MODE = wholemodule;
				VALIDATE_PRODUCT = YES;
			};
			name = Release;
		};
		5CF0A3ED2F58C3CA0078361B /* Debug */ = {
			isa = XCBuildConfiguration;
			buildSettings = {
				ASSETCATALOG_COMPILER_APPICON_NAME = AppIcon;
				ASSETCATALOG_COMPILER_GLOBAL_ACCENT_COLOR_NAME = AccentColor;
				CODE_SIGN_STYLE = Automatic;
				CURRENT_PROJECT_VERSION = 1;
				ENABLE_PREVIEWS = YES;
				GENERATE_INFOPLIST_FILE = YES;
				INFOPLIST_KEY_UIApplicationSceneManifest_Generation = YES;
				INFOPLIST_KEY_UIApplicationSupportsIndirectInputEvents = YES;
				INFOPLIST_KEY_UILaunchScreen_Generation = YES;
				INFOPLIST_KEY_UISupportedInterfaceOrientations_iPad = "UIInterfaceOrientationPortrait UIInterfaceOrientationPortraitUpsideDown UIInterfaceOrientationLandscapeLeft UIInterfaceOrientationLandscapeRight";
				INFOPLIST_KEY_UISupportedInterfaceOrientations_iPhone = "UIInterfaceOrientationPortrait UIInterfaceOrientationLandscapeLeft UIInterfaceOrientationLandscapeRight";
				LD_RUNPATH_SEARCH_PATHS = (
					"$(inherited)",
					"@executable_path/Frameworks",
				);
				MARKETING_VERSION = 1.0;
				PRODUCT_BUNDLE_IDENTIFIER = com.salman.RealTimePriceTracker;
				PRODUCT_NAME = "$(TARGET_NAME)";
				STRING_CATALOG_GENERATE_SYMBOLS = YES;
				SWIFT_APPROACHABLE_CONCURRENCY = YES;
				SWIFT_DEFAULT_ACTOR_ISOLATION = MainActor;
				SWIFT_EMIT_LOC_STRINGS = YES;
				SWIFT_UPCOMING_FEATURE_MEMBER_IMPORT_VISIBILITY = YES;
				SWIFT_VERSION = 5.0;
				TARGETED_DEVICE_FAMILY = "1,2";
			};
			name = Debug;
		};
		5CF0A3EE2F58C3CA0078361B /* Release */ = {
			isa = XCBuildConfiguration;
			buildSettings = {
				ASSETCATALOG_COMPILER_APPICON_NAME = AppIcon;
				ASSETCATALOG_COMPILER_GLOBAL_ACCENT_COLOR_NAME = AccentColor;
				CODE_SIGN_STYLE = Automatic;
				CURRENT_PROJECT_VERSION = 1;
				ENABLE_PREVIEWS = YES;
				GENERATE_INFOPLIST_FILE = YES;
				INFOPLIST_KEY_UIApplicationSceneManifest_Generation = YES;
				INFOPLIST_KEY_UIApplicationSupportsIndirectInputEvents = YES;
				INFOPLIST_KEY_UILaunchScreen_Generation = YES;
				INFOPLIST_KEY_UISupportedInterfaceOrientations_iPad = "UIInterfaceOrientationPortrait UIInterfaceOrientationPortraitUpsideDown UIInterfaceOrientationLandscapeLeft UIInterfaceOrientationLandscapeRight";
				INFOPLIST_KEY_UISupportedInterfaceOrientations_iPhone = "UIInterfaceOrientationPortrait UIInterfaceOrientationLandscapeLeft UIInterfaceOrientationLandscapeRight";
				LD_RUNPATH_SEARCH_PATHS = (
					"$(inherited)",
					"@executable_path/Frameworks",
				);
				MARKETING_VERSION = 1.0;
				PRODUCT_BUNDLE_IDENTIFIER = com.salman.RealTimePriceTracker;
				PRODUCT_NAME = "$(TARGET_NAME)";
				STRING_CATALOG_GENERATE_SYMBOLS = YES;
				SWIFT_APPROACHABLE_CONCURRENCY = YES;
				SWIFT_DEFAULT_ACTOR_ISOLATION = MainActor;
				SWIFT_EMIT_LOC_STRINGS = YES;
				SWIFT_UPCOMING_FEATURE_MEMBER_IMPORT_VISIBILITY = YES;
				SWIFT_VERSION = 5.0;
				TARGETED_DEVICE_FAMILY = "1,2";
			};
			name = Release;
		};
		5CF0A3F02F58C3CA0078361B /* Debug */ = {
			isa = XCBuildConfiguration;
			buildSettings = {
				BUNDLE_LOADER = "$(TEST_HOST)";
				CODE_SIGN_STYLE = Automatic;
				CURRENT_PROJECT_VERSION = 1;
				GENERATE_INFOPLIST_FILE = YES;
				IPHONEOS_DEPLOYMENT_TARGET = 26.2;
				MARKETING_VERSION = 1.0;
				PRODUCT_BUNDLE_IDENTIFIER = com.salman.RealTimePriceTrackerTests;
				PRODUCT_NAME = "$(TARGET_NAME)";
				STRING_CATALOG_GENERATE_SYMBOLS = NO;
				SWIFT_APPROACHABLE_CONCURRENCY = YES;
				SWIFT_EMIT_LOC_STRINGS = NO;
				SWIFT_UPCOMING_FEATURE_MEMBER_IMPORT_VISIBILITY = YES;
				SWIFT_VERSION = 5.0;
				TARGETED_DEVICE_FAMILY = "1,2";
				TEST_HOST = "$(BUILT_PRODUCTS_DIR)/RealTimePriceTracker.app/$(BUNDLE_EXECUTABLE_FOLDER_PATH)/RealTimePriceTracker";
			};
			name = Debug;
		};
		5CF0A3F12F58C3CA0078361B /* Release */ = {
			isa = XCBuildConfiguration;
			buildSettings = {
				BUNDLE_LOADER = "$(TEST_HOST)";
				CODE_SIGN_STYLE = Automatic;
				CURRENT_PROJECT_VERSION = 1;
				GENERATE_INFOPLIST_FILE = YES;
				IPHONEOS_DEPLOYMENT_TARGET = 26.2;
				MARKETING_VERSION = 1.0;
				PRODUCT_BUNDLE_IDENTIFIER = com.salman.RealTimePriceTrackerTests;
				PRODUCT_NAME = "$(TARGET_NAME)";
				STRING_CATALOG_GENERATE_SYMBOLS = NO;
				SWIFT_APPROACHABLE_CONCURRENCY = YES;
				SWIFT_EMIT_LOC_STRINGS = NO;
				SWIFT_UPCOMING_FEATURE_MEMBER_IMPORT_VISIBILITY = YES;
				SWIFT_VERSION = 5.0;
				TARGETED_DEVICE_FAMILY = "1,2";
				TEST_HOST = "$(BUILT_PRODUCTS_DIR)/RealTimePriceTracker.app/$(BUNDLE_EXECUTABLE_FOLDER_PATH)/RealTimePriceTracker";
			};
			name = Release;
		};
		5CF0A3F32F58C3CA0078361B /* Debug */ = {
			isa = XCBuildConfiguration;
			buildSettings = {
				CODE_SIGN_STYLE = Automatic;
				CURRENT_PROJECT_VERSION = 1;
				GENERATE_INFOPLIST_FILE = YES;
				MARKETING_VERSION = 1.0;
				PRODUCT_BUNDLE_IDENTIFIER = com.salman.RealTimePriceTrackerUITests;
				PRODUCT_NAME = "$(TARGET_NAME)";
				STRING_CATALOG_GENERATE_SYMBOLS = NO;
				SWIFT_APPROACHABLE_CONCURRENCY = YES;
				SWIFT_EMIT_LOC_STRINGS = NO;
				SWIFT_UPCOMING_FEATURE_MEMBER_IMPORT_VISIBILITY = YES;
				SWIFT_VERSION = 5.0;
				TARGETED_DEVICE_FAMILY = "1,2";
				TEST_TARGET_NAME = RealTimePriceTracker;
			};
			name = Debug;
		};
		5CF0A3F42F58C3CA0078361B /* Release */ = {
			isa = XCBuildConfiguration;
			buildSettings = {
				CODE_SIGN_STYLE = Automatic;
				CURRENT_PROJECT_VERSION = 1;
				GENERATE_INFOPLIST_FILE = YES;
				MARKETING_VERSION = 1.0;
				PRODUCT_BUNDLE_IDENTIFIER = com.salman.RealTimePriceTrackerUITests;
				PRODUCT_NAME = "$(TARGET_NAME)";
				STRING_CATALOG_GENERATE_SYMBOLS = NO;
				SWIFT_APPROACHABLE_CONCURRENCY = YES;
				SWIFT_EMIT_LOC_STRINGS = NO;
				SWIFT_UPCOMING_FEATURE_MEMBER_IMPORT_VISIBILITY = YES;
				SWIFT_VERSION = 5.0;
				TARGETED_DEVICE_FAMILY = "1,2";
				TEST_TARGET_NAME = RealTimePriceTracker;
			};
			name = Release;
		};
/* End XCBuildConfiguration section */

/* Begin XCConfigurationList section */
		5CF0A3C62F58C3C80078361B /* Build configuration list for PBXProject "RealTimePriceTracker" */ = {
			isa = XCConfigurationList;
			buildConfigurations = (
				5CF0A3EA2F58C3CA0078361B /* Debug */,
				5CF0A3EB2F58C3CA0078361B /* Release */,
			);
			defaultConfigurationIsVisible = 0;
			defaultConfigurationName = Release;
		};
		5CF0A3EC2F58C3CA0078361B /* Build configuration list for PBXNativeTarget "RealTimePriceTracker" */ = {
			isa = XCConfigurationList;
			buildConfigurations = (
				5CF0A3ED2F58C3CA0078361B /* Debug */,
				5CF0A3EE2F58C3CA0078361B /* Release */,
			);
			defaultConfigurationIsVisible = 0;
			defaultConfigurationName = Release;
		};
		5CF0A3EF2F58C3CA0078361B /* Build configuration list for PBXNativeTarget "RealTimePriceTrackerTests" */ = {
			isa = XCConfigurationList;
			buildConfigurations = (
				5CF0A3F02F58C3CA0078361B /* Debug */,
				5CF0A3F12F58C3CA0078361B /* Release */,
			);
			defaultConfigurationIsVisible = 0;
			defaultConfigurationName = Release;
		};
		5CF0A3F22F58C3CA0078361B /* Build configuration list for PBXNativeTarget "RealTimePriceTrackerUITests" */ = {
			isa = XCConfigurationList;
			buildConfigurations = (
				5CF0A3F32F58C3CA0078361B /* Debug */,
				5CF0A3F42F58C3CA0078361B /* Release */,
			);
			defaultConfigurationIsVisible = 0;
			defaultConfigurationName = Release;
		};
/* End XCConfigurationList section */
	};
	rootObject = 5CF0A3C32F58C3C80078361B /* Project object */;
}
